[[package]]
category = "main"
description = "Atomic file writes."
name = "atomicwrites"
optional = false
python-versions = ">=2.7, !=3.0.*, !=3.1.*, !=3.2.*, !=3.3.*"
version = "1.3.0"

[[package]]
category = "main"
description = "Classes Without Boilerplate"
name = "attrs"
optional = false
python-versions = ">=2.7, !=3.0.*, !=3.1.*, !=3.2.*, !=3.3.*"
version = "19.1.0"

[[package]]
category = "main"
description = "The AWS SDK for Python"
name = "boto3"
optional = false
python-versions = "*"
version = "1.9.146"

[package.dependencies]
botocore = ">=1.12.146,<1.13.0"
jmespath = ">=0.7.1,<1.0.0"
s3transfer = ">=0.2.0,<0.3.0"

[[package]]
category = "main"
description = "Low-level, data-driven core of boto 3."
name = "botocore"
optional = false
python-versions = "*"
version = "1.12.146"

[package.dependencies]
docutils = ">=0.10"
jmespath = ">=0.7.1,<1.0.0"

[package.dependencies.python-dateutil]
python = ">=2.7"
version = ">=2.1,<3.0.0"

[package.dependencies.urllib3]
python = ">=3.4"
version = ">=1.20,<1.25"

[[package]]
category = "main"
description = "Extensible memoizing collections and decorators"
name = "cachetools"
optional = false
python-versions = "*"
version = "3.1.0"

[[package]]
category = "main"
description = "Python package for providing Mozilla's CA Bundle."
name = "certifi"
optional = false
python-versions = "*"
version = "2019.3.9"

[[package]]
category = "main"
description = "Universal encoding detector for Python 2 and 3"
name = "chardet"
optional = false
python-versions = "*"
version = "3.0.4"

[[package]]
category = "main"
description = "Cleo allows you to create beautiful and testable command-line interfaces."
name = "cleo"
optional = false
python-versions = ">=2.7, !=3.0.*, !=3.1.*, !=3.2.*, !=3.3.*"
version = "0.7.2"

[package.dependencies]
clikit = ">=0.2.0,<0.3.0"
pastel = ">=0.1.0,<0.2.0"
pylev = ">=1.3,<2.0"

[[package]]
category = "main"
description = "CliKit is a group of utilities to build beautiful and testable command line interfaces."
name = "clikit"
optional = false
python-versions = ">=2.7, !=3.0.*, !=3.1.*, !=3.2.*, !=3.3.*"
version = "0.2.4"

[package.dependencies]
pastel = ">=0.1.0,<0.2.0"
pylev = ">=1.3,<2.0"

[[package]]
category = "main"
description = "Cross-platform colored terminal text."
marker = "sys_platform == \"win32\""
name = "colorama"
optional = false
python-versions = ">=2.7, !=3.0.*, !=3.1.*, !=3.2.*, !=3.3.*"
version = "0.4.1"

[[package]]
category = "main"
description = "Code coverage measurement for Python"
name = "coverage"
optional = false
python-versions = ">=2.6, !=3.0.*, !=3.1.*, !=3.2.*, <4"
version = "4.5.3"

[[package]]
category = "main"
description = "cssselect parses CSS3 Selectors and translates them to XPath 1.0"
name = "cssselect"
optional = false
python-versions = ">=2.7, !=3.0.*, !=3.1.*, !=3.2.*, !=3.3.*"
version = "1.0.3"

[[package]]
category = "main"
description = "A CSS Cascading Style Sheets library for Python"
name = "cssutils"
optional = false
python-versions = "*"
version = "1.0.2"

[[package]]
category = "main"
description = "Docutils -- Python Documentation Utilities"
name = "docutils"
optional = false
python-versions = "*"
version = "0.14"

[[package]]
category = "main"
description = "Discover and load entry points from installed packages."
name = "entrypoints"
optional = false
python-versions = ">=2.7"
version = "0.3"

[[package]]
category = "main"
description = "the modular source code checker: pep8, pyflakes and co"
name = "flake8"
optional = false
python-versions = ">=2.7, !=3.0.*, !=3.1.*, !=3.2.*, !=3.3.*"
version = "3.7.7"

[package.dependencies]
entrypoints = ">=0.3.0,<0.4.0"
mccabe = ">=0.6.0,<0.7.0"
pycodestyle = ">=2.5.0,<2.6.0"
pyflakes = ">=2.1.0,<2.2.0"

[[package]]
category = "main"
description = "Internationalized Domain Names in Applications (IDNA)"
name = "idna"
optional = false
python-versions = ">=2.7, !=3.0.*, !=3.1.*, !=3.2.*, !=3.3.*"
version = "2.8"

[[package]]
category = "main"
description = "A small but fast and easy to use stand-alone template engine written in pure python."
name = "jinja2"
optional = false
python-versions = "*"
version = "2.10.1"

[package.dependencies]
MarkupSafe = ">=0.23"

[[package]]
category = "main"
description = "JSON Matching Expressions"
name = "jmespath"
optional = false
python-versions = "*"
version = "0.9.4"

[[package]]
category = "main"
description = "Powerful and Pythonic XML processing library combining libxml2/libxslt with the ElementTree API."
name = "lxml"
optional = false
python-versions = "*"
version = "4.3.3"

[[package]]
category = "main"
description = "Safely add untrusted strings to HTML/XML markup."
name = "markupsafe"
optional = false
python-versions = ">=2.7,!=3.0.*,!=3.1.*,!=3.2.*,!=3.3.*"
version = "1.1.1"

[[package]]
category = "main"
description = "McCabe checker, plugin for flake8"
name = "mccabe"
optional = false
python-versions = "*"
version = "0.6.1"

[[package]]
category = "main"
description = "The fastest markdown parser in pure Python"
name = "mistune"
optional = false
python-versions = "*"
version = "0.8.4"

[[package]]
category = "main"
description = "Rolling backport of unittest.mock for all Pythons"
name = "mock"
optional = false
python-versions = ">=2.7, !=3.0.*, !=3.1.*, !=3.2.*, !=3.3.*"
version = "3.0.5"

[package.dependencies]
six = "*"

[[package]]
category = "main"
description = "More routines for operating on iterables, beyond itertools"
marker = "python_version > \"2.7\""
name = "more-itertools"
optional = false
python-versions = ">=3.4"
version = "7.0.0"

[[package]]
category = "main"
description = "Optional static typing for Python (mypyc-compiled version)"
name = "mypy"
optional = false
python-versions = "*"
version = "0.701"

[package.dependencies]
mypy-extensions = ">=0.4.0,<0.5.0"
typed-ast = ">=1.3.1,<1.4.0"

[[package]]
category = "main"
description = "Experimental type system extensions for programs checked with the mypy typechecker."
name = "mypy-extensions"
optional = false
python-versions = "*"
version = "0.4.1"

[[package]]
category = "main"
description = "Bring colors to your terminal."
name = "pastel"
optional = false
python-versions = "*"
version = "0.1.0"

[[package]]
category = "main"
description = "plugin and hook calling mechanisms for python"
name = "pluggy"
optional = false
python-versions = ">=2.7, !=3.0.*, !=3.1.*, !=3.2.*, !=3.3.*"
version = "0.11.0"

[[package]]
category = "main"
description = "Turns CSS blocks into style attributes"
name = "premailer"
optional = false
python-versions = "*"
version = "3.4.1"

[package.dependencies]
cachetools = "*"
cssselect = "*"
cssutils = "*"
lxml = "*"
requests = "*"

[[package]]
category = "main"
description = "library with cross-python path, ini-parsing, io, code, log facilities"
name = "py"
optional = false
python-versions = ">=2.7, !=3.0.*, !=3.1.*, !=3.2.*, !=3.3.*"
version = "1.8.0"

[[package]]
category = "main"
description = "Python style guide checker"
name = "pycodestyle"
optional = false
python-versions = ">=2.7, !=3.0.*, !=3.1.*, !=3.2.*, !=3.3.*"
version = "2.5.0"

[[package]]
category = "main"
description = "passive checker of Python programs"
name = "pyflakes"
optional = false
python-versions = ">=2.7, !=3.0.*, !=3.1.*, !=3.2.*, !=3.3.*"
version = "2.1.1"

[[package]]
category = "main"
description = "Pygments is a syntax highlighting package written in Python."
name = "pygments"
optional = false
python-versions = ">=2.7, !=3.0.*, !=3.1.*, !=3.2.*, !=3.3.*, !=3.4.*"
version = "2.4.0"

[[package]]
category = "main"
description = "A pure Python Levenshtein implementation that's not freaking GPL'd."
name = "pylev"
optional = false
python-versions = "*"
version = "1.3.0"

[[package]]
category = "main"
description = "pytest: simple powerful testing with Python"
name = "pytest"
optional = false
python-versions = ">=2.7, !=3.0.*, !=3.1.*, !=3.2.*, !=3.3.*"
version = "4.4.0"

[package.dependencies]
atomicwrites = ">=1.0"
attrs = ">=17.4.0"
colorama = "*"
pluggy = ">=0.9"
py = ">=1.5.0"
setuptools = "*"
six = ">=1.10.0"

[package.dependencies.more-itertools]
python = ">2.7"
version = ">=4.0.0"

[[package]]
category = "main"
description = "Pytest plugin for measuring coverage."
name = "pytest-cov"
optional = false
python-versions = ">=2.7, !=3.0.*, !=3.1.*, !=3.2.*, !=3.3.*"
version = "2.7.1"

[package.dependencies]
coverage = ">=4.4"
pytest = ">=3.6"

[[package]]
category = "main"
description = "Extensions to the standard Python datetime module"
marker = "python_version >= \"2.7\""
name = "python-dateutil"
optional = false
python-versions = ">=2.7, !=3.0.*, !=3.1.*, !=3.2.*"
version = "2.8.0"

[package.dependencies]
six = ">=1.5"

[[package]]
category = "main"
description = "HTTP REST client, simplified for Python"
name = "python-http-client"
optional = false
python-versions = "*"
version = "3.1.0"

[[package]]
category = "main"
description = "Python HTTP for Humans."
name = "requests"
optional = false
python-versions = ">=2.7, !=3.0.*, !=3.1.*, !=3.2.*, !=3.3.*"
version = "2.21.0"

[package.dependencies]
certifi = ">=2017.4.17"
chardet = ">=3.0.2,<3.1.0"
idna = ">=2.5,<2.9"
urllib3 = ">=1.21.1,<1.25"

[[package]]
category = "main"
description = "An Amazon S3 Transfer Manager"
name = "s3transfer"
optional = false
python-versions = "*"
version = "0.2.0"

[package.dependencies]
botocore = ">=1.12.36,<2.0.0"

[[package]]
category = "main"
description = "Twilio SendGrid library for Python"
name = "sendgrid"
optional = false
python-versions = ">=2.7, !=3.0.*, !=3.1.*, !=3.2.*, !=3.3.*"
version = "6.0.5"

[package.dependencies]
python-http-client = ">=3.0"

[[package]]
category = "main"
description = "Python 2 and 3 compatibility utilities"
name = "six"
optional = false
python-versions = ">=2.6, !=3.0.*, !=3.1.*"
version = "1.12.0"

[[package]]
category = "main"
description = "Python Library for Tom's Obvious, Minimal Language"
name = "toml"
optional = false
python-versions = "*"
version = "0.10.0"

[[package]]
category = "main"
description = "a fork of Python 2 and 3 ast modules with type comment support"
name = "typed-ast"
optional = false
python-versions = "*"
version = "1.3.5"

[[package]]
category = "main"
description = "HTTP library with thread-safe connection pooling, file post, and more."
name = "urllib3"
optional = false
python-versions = ">=2.7, !=3.0.*, !=3.1.*, !=3.2.*, !=3.3.*, <4"
version = "1.24.3"

[metadata]
content-hash = "1a46ac47314d4ba179a8026971428c2dd85c531ee9195dfe0578421470c3e7df"
python-versions = "^3.6"

[metadata.hashes]
atomicwrites = ["03472c30eb2c5d1ba9227e4c2ca66ab8287fbfbbda3888aa93dc2e28fc6811b4", "75a9445bac02d8d058d5e1fe689654ba5a6556a1dfd8ce6ec55a0ed79866cfa6"]
attrs = ["69c0dbf2ed392de1cb5ec704444b08a5ef81680a61cb899dc08127123af36a79", "f0b870f674851ecbfbbbd364d6b5cbdff9dcedbc7f3f5e18a6891057f21fe399"]
boto3 = ["bc6635529f85cf130813fda973a2a5240f54532c7e284b04f215dcee9721bbb8", "d60329ff211a496016c334dbecf7ab70500b19aee013d2435b4f30d9e0a84ca1"]
botocore = ["1517c52eaa3056d0e81f9a81b580d7f28440e7e1523d10a8acc8160c56be7113", "19d9d56fcf4f16ffea8a929bbf3c72db3458b6c1f306c04031f3166759cd62ac"]
cachetools = ["219b7dc6024195b6f2bc3d3f884d1fef458745cd323b04165378622dcc823852", "9efcc9fab3b49ab833475702b55edd5ae07af1af7a4c627678980b45e459c460"]
certifi = ["59b7658e26ca9c7339e00f8f4636cdfe59d34fa37b9b04f6f9e9926b3cece1a5", "b26104d6835d1f5e49452a26eb2ff87fe7090b89dfcaee5ea2212697e1e1d7ae"]
chardet = ["84ab92ed1c4d4f16916e05906b6b75a6c0fb5db821cc65e70cbd64a3e2a5eaae", "fc323ffcaeaed0e0a02bf4d117757b98aed530d9ed4531e3e15460124c106691"]
cleo = ["7a5000de616de42fd78f968192651b9174bf333a9079fc9d68ccc672ddfd3624", "a39fa806fd3f64ff0ae4e3a55bb80c8ce60ca73634e13619731d63a04a63be69"]
clikit = ["a7597999555aeb2ce9946f07187f690ab6864213f337e51250178c4bd19bd810", "d6807cf4a41e6b981b056075c0aefca2db1dabc597ed18fa4d92b8b2e2678835"]
colorama = ["05eed71e2e327246ad6b38c540c4a3117230b19679b875190486ddd2d721422d", "f8ac84de7840f5b9c4e3347b3c1eaa50f7e49c2b07596221daec5edaabbd7c48"]
coverage = ["0c5fe441b9cfdab64719f24e9684502a59432df7570521563d7b1aff27ac755f", "2b412abc4c7d6e019ce7c27cbc229783035eef6d5401695dccba80f481be4eb3", "3684fabf6b87a369017756b551cef29e505cb155ddb892a7a29277b978da88b9", "39e088da9b284f1bd17c750ac672103779f7954ce6125fd4382134ac8d152d74", "3c205bc11cc4fcc57b761c2da73b9b72a59f8d5ca89979afb0c1c6f9e53c7390", "42692db854d13c6c5e9541b6ffe0fe921fe16c9c446358d642ccae1462582d3b", "465ce53a8c0f3a7950dfb836438442f833cf6663d407f37d8c52fe7b6e56d7e8", "48020e343fc40f72a442c8a1334284620f81295256a6b6ca6d8aa1350c763bbe", "4ec30ade438d1711562f3786bea33a9da6107414aed60a5daa974d50a8c2c351", "5296fc86ab612ec12394565c500b412a43b328b3907c0d14358950d06fd83baf", "5f61bed2f7d9b6a9ab935150a6b23d7f84b8055524e7be7715b6513f3328138e", "6899797ac384b239ce1926f3cb86ffc19996f6fa3a1efbb23cb49e0c12d8c18c", "68a43a9f9f83693ce0414d17e019daee7ab3f7113a70c79a3dd4c2f704e4d741", "6b8033d47fe22506856fe450470ccb1d8ba1ffb8463494a15cfc96392a288c09", "7ad7536066b28863e5835e8cfeaa794b7fe352d99a8cded9f43d1161be8e9fbd", "7bacb89ccf4bedb30b277e96e4cc68cd1369ca6841bde7b005191b54d3dd1034", "839dc7c36501254e14331bcb98b27002aa415e4af7ea039d9009409b9d2d5420", "8e679d1bde5e2de4a909efb071f14b472a678b788904440779d2c449c0355b27", "8f9a95b66969cdea53ec992ecea5406c5bd99c9221f539bca1e8406b200ae98c", "932c03d2d565f75961ba1d3cec41ddde00e162c5b46d03f7423edcb807734eab", "93f965415cc51604f571e491f280cff0f5be35895b4eb5e55b47ae90c02a497b", "988529edadc49039d205e0aa6ce049c5ccda4acb2d6c3c5c550c17e8c02c05ba", "998d7e73548fe395eeb294495a04d38942edb66d1fa61eb70418871bc621227e", "9de60893fb447d1e797f6bf08fdf0dbcda0c1e34c1b06c92bd3a363c0ea8c609", "9e80d45d0c7fcee54e22771db7f1b0b126fb4a6c0a2e5afa72f66827207ff2f2", "a545a3dfe5082dc8e8c3eb7f8a2cf4f2870902ff1860bd99b6198cfd1f9d1f49", "a5d8f29e5ec661143621a8f4de51adfb300d7a476224156a39a392254f70687b", "a9abc8c480e103dc05d9b332c6cc9fb1586330356fc14f1aa9c0ca5745097d19", "aca06bfba4759bbdb09bf52ebb15ae20268ee1f6747417837926fae990ebc41d", "bb23b7a6fd666e551a3094ab896a57809e010059540ad20acbeec03a154224ce", "bfd1d0ae7e292105f29d7deaa9d8f2916ed8553ab9d5f39ec65bcf5deadff3f9", "c22ab9f96cbaff05c6a84e20ec856383d27eae09e511d3e6ac4479489195861d", "c62ca0a38958f541a73cf86acdab020c2091631c137bd359c4f5bddde7b75fd4", "c709d8bda72cf4cd348ccec2a4881f2c5848fd72903c185f363d361b2737f773", "c968a6aa7e0b56ecbd28531ddf439c2ec103610d3e2bf3b75b813304f8cb7723", "ca58eba39c68010d7e87a823f22a081b5290e3e3c64714aac3c91481d8b34d22", "df785d8cb80539d0b55fd47183264b7002077859028dfe3070cf6359bf8b2d9c", "f406628ca51e0ae90ae76ea8398677a921b36f0bd71aab2099dfed08abd0322f", "f46087bbd95ebae244a0eda01a618aff11ec7a069b15a3ef8f6b520db523dcf1", "f8019c5279eb32360ca03e9fac40a12667715546eed5c5eb59eb381f2f501260", "fc5f4d209733750afd2714e9109816a29500718b32dd9a5db01c0cb3a019b96a"]
cssselect = ["066d8bc5229af09617e24b3ca4d52f1f9092d9e061931f4184cd572885c23204", "3b5103e8789da9e936a68d993b70df732d06b8bb9a337a05ed4eb52c17ef7206"]
cssutils = ["a2fcf06467553038e98fea9cfe36af2bf14063eb147a70958cfcaa8f5786acaf", "c74dbe19c92f5052774eadb15136263548dd013250f1ed1027988e7fef125c8d"]
docutils = ["02aec4bd92ab067f6ff27a38a38a41173bf01bed8f89157768c1573f53e474a6", "51e64ef2ebfb29cae1faa133b3710143496eca21c530f3f71424d77687764274", "7a4bd47eaf6596e1295ecb11361139febe29b084a87bf005bf899f9a42edc3c6"]
entrypoints = ["589f874b313739ad35be6e0cd7efde2a4e9b6fea91edcc34e58ecbb8dbe56d19", "c70dd71abe5a8c85e55e12c19bd91ccfeec11a6e99044204511f9ed547d48451"]
flake8 = ["859996073f341f2670741b51ec1e67a01da142831aa1fdc6242dbf88dffbe661", "a796a115208f5c03b18f332f7c11729812c8c3ded6c46319c59b53efd3819da8"]
idna = ["c357b3f628cf53ae2c4c05627ecc484553142ca23264e593d327bcde5e9c3407", "ea8b7f6188e6fa117537c3df7da9fc686d485087abf6ac197f9c46432f7e4a3c"]
jinja2 = ["065c4f02ebe7f7cf559e49ee5a95fb800a9e4528727aec6f24402a5374c65013", "14dd6caf1527abb21f08f86c784eac40853ba93edb79552aa1e4b8aef1b61c7b"]
jmespath = ["3720a4b1bd659dd2eecad0666459b9788813e032b83e7ba58578e48254e0a0e6", "bde2aef6f44302dfb30320115b17d030798de8c4110e28d5cf6cf91a7a31074c"]
lxml = ["03984196d00670b2ab14ae0ea83d5cc0cfa4f5a42558afa9ab5fa745995328f5", "0815b0c9f897468de6a386dc15917a0becf48cc92425613aa8bbfc7f0f82951f", "175f3825f075cf02d15099eb52658457cf0ff103dcf11512b5d2583e1d40f58b", "30e14c62d88d1e01a26936ecd1c6e784d4afc9aa002bba4321c5897937112616", "3210da6f36cf4b835ff1be853962b22cc354d506f493b67a4303c88bbb40d57b", "40f60819fbd5bad6e191ba1329bfafa09ab7f3f174b3d034d413ef5266963294", "43b26a865a61549919f8a42e094dfdb62847113cf776d84bd6b60e4e3fc20ea3", "4a03dd682f8e35a10234904e0b9508d705ff98cf962c5851ed052e9340df3d90", "62f382cddf3d2e52cf266e161aa522d54fd624b8cc567bc18f573d9d50d40e8e", "7b98f0325be8450da70aa4a796c4f06852949fe031878b4aa1d6c417a412f314", "846a0739e595871041385d86d12af4b6999f921359b38affb99cdd6b54219a8f", "a3080470559938a09a5d0ec558c005282e99ac77bf8211fb7b9a5c66390acd8d", "ad841b78a476623955da270ab8d207c3c694aa5eba71f4792f65926dc46c6ee8", "afdd75d9735e44c639ffd6258ce04a2de3b208f148072c02478162d0944d9da3", "b4fbf9b552faff54742bcd0791ab1da5863363fb19047e68f6592be1ac2dab33", "b90c4e32d6ec089d3fa3518436bdf5ce4d902a0787dbd9bb09f37afe8b994317", "b91cfe4438c741aeff662d413fd2808ac901cc6229c838236840d11de4586d63", "bdb0593a42070b0a5f138b79b872289ee73c8e25b3f0bea6564e795b55b6bcdd", "c4e4bca2bb68ce22320297dfa1a7bf070a5b20bcbaec4ee023f83d2f6e76496f", "cec4ab14af9eae8501be3266ff50c3c2aecc017ba1e86c160209bb4f0423df6a", "e83b4b2bf029f5104bc1227dbb7bf5ace6fd8fabaebffcd4f8106fafc69fc45f", "e995b3734a46d41ae60b6097f7c51ba9958648c6d1e0935b7e0ee446ee4abe22", "f679d93dec7f7210575c85379a31322df4c46496f184ef650d3aba1484b38a2d", "fd213bb5166e46974f113c8228daaef1732abc47cb561ce9c4c8eaed4bd3b09b", "fdcb57b906dbc1f80666e6290e794ab8fb959a2e17aa5aee1758a85d1da4533f", "ff424b01d090ffe1947ec7432b07f536912e0300458f9a7f48ea217dd8362b86"]
markupsafe = ["00bc623926325b26bb9605ae9eae8a215691f33cae5df11ca5424f06f2d1f473", "09027a7803a62ca78792ad89403b1b7a73a01c8cb65909cd876f7fcebd79b161", "09c4b7f37d6c648cb13f9230d847adf22f8171b1ccc4d5682398e77f40309235", "1027c282dad077d0bae18be6794e6b6b8c91d58ed8a8d89a89d59693b9131db5", "24982cc2533820871eba85ba648cd53d8623687ff11cbb805be4ff7b4c971aff", "29872e92839765e546828bb7754a68c418d927cd064fd4708fab9fe9c8bb116b", "43a55c2930bbc139570ac2452adf3d70cdbb3cfe5912c71cdce1c2c6bbd9c5d1", "46c99d2de99945ec5cb54f23c8cd5689f6d7177305ebff350a58ce5f8de1669e", "500d4957e52ddc3351cabf489e79c91c17f6e0899158447047588650b5e69183", "535f6fc4d397c1563d08b88e485c3496cf5784e927af890fb3c3aac7f933ec66", "62fe6c95e3ec8a7fad637b7f3d372c15ec1caa01ab47926cfdf7a75b40e0eac1", "6dd73240d2af64df90aa7c4e7481e23825ea70af4b4922f8ede5b9e35f78a3b1", "717ba8fe3ae9cc0006d7c451f0bb265ee07739daf76355d06366154ee68d221e", "79855e1c5b8da654cf486b830bd42c06e8780cea587384cf6545b7d9ac013a0b", "7c1699dfe0cf8ff607dbdcc1e9b9af1755371f92a68f706051cc8c37d447c905", "88e5fcfb52ee7b911e8bb6d6aa2fd21fbecc674eadd44118a9cc3863f938e735", "8defac2f2ccd6805ebf65f5eeb132adcf2ab57aa11fdf4c0dd5169a004710e7d", "98c7086708b163d425c67c7a91bad6e466bb99d797aa64f965e9d25c12111a5e", "9add70b36c5666a2ed02b43b335fe19002ee5235efd4b8a89bfcf9005bebac0d", "9bf40443012702a1d2070043cb6291650a0841ece432556f784f004937f0f32c", "ade5e387d2ad0d7ebf59146cc00c8044acbd863725f887353a10df825fc8ae21", "b00c1de48212e4cc9603895652c5c410df699856a2853135b3967591e4beebc2", "b1282f8c00509d99fef04d8ba936b156d419be841854fe901d8ae224c59f0be5", "b2051432115498d3562c084a49bba65d97cf251f5a331c64a12ee7e04dacc51b", "ba59edeaa2fc6114428f1637ffff42da1e311e29382d81b339c1817d37ec93c6", "c8716a48d94b06bb3b2524c2b77e055fb313aeb4ea620c8dd03a105574ba704f", "cd5df75523866410809ca100dc9681e301e3c27567cf498077e8551b6d20e42f", "e249096428b3ae81b08327a63a485ad0878de3fb939049038579ac0ef61e17e7"]
mccabe = ["ab8a6258860da4b6677da4bd2fe5dc2c659cff31b3ee4f7f5d64e79735b80d42", "dd8d182285a0fe56bace7f45b5e7d1a6ebcbf524e8f3bd87eb0f125271b8831f"]
mistune = ["59a3429db53c50b5c6bcc8a07f8848cb00d7dc8bdb431a4ab41920d201d4756e", "88a1051873018da288eee8538d476dffe1262495144b33ecb586c4ab266bb8d4"]
mock = ["83657d894c90d5681d62155c82bda9c1187827525880eda8ff5df4ec813437c3", "d157e52d4e5b938c550f39eb2fd15610db062441a9c2747d3dbfa9298211d0f8"]
more-itertools = ["2112d2ca570bb7c3e53ea1a35cd5df42bb0fd10c45f0fb97178679c3c03d64c7", "c3e4748ba1aad8dba30a4886b0b1a2004f9a863837b8654e7059eebf727afa5a"]
mypy = ["2afe51527b1f6cdc4a5f34fc90473109b22bf7f21086ba3e9451857cf11489e6", "56a16df3e0abb145d8accd5dbb70eba6c4bd26e2f89042b491faa78c9635d1e2", "5764f10d27b2e93c84f70af5778941b8f4aa1379b2430f85c827e0f5464e8714", "5bbc86374f04a3aa817622f98e40375ccb28c4836f36b66706cf3c6ccce86eda", "6a9343089f6377e71e20ca734cd8e7ac25d36478a9df580efabfe9059819bf82", "6c9851bc4a23dc1d854d3f5dfd5f20a016f8da86bcdbb42687879bb5f86434b0", "b8e85956af3fcf043d6f87c91cbe8705073fc67029ba6e22d3468bfee42c4823", "b9a0af8fae490306bc112229000aa0c2ccc837b49d29a5c42e088c132a2334dd", "bbf643528e2a55df2c1587008d6e3bda5c0445f1240dfa85129af22ae16d7a9a", "c46ab3438bd21511db0f2c612d89d8344154c0c9494afc7fbc932de514cf8d15", "f7a83d6bd805855ef83ec605eb01ab4fa42bcef254b13631e451cbb44914a9b0"]
mypy-extensions = ["37e0e956f41369209a3d5f34580150bcacfabaa57b33a15c0b25f4b5725e0812", "b16cabe759f55e3409a7d231ebd2841378fb0c27a5d1994719e340e4f429ac3e"]
pastel = ["3108af417ec0fa6d0a620e676ec4f02c839ca13e10611586e5d2174b46aa0bc3", "d1fee8079534f99f1805a044fef946d23eee6d6a7cd34292c30e6c16be9a80b9"]
pluggy = ["25a1bc1d148c9a640211872b4ff859878d422bccb59c9965e04eed468a0aa180", "964cedd2b27c492fbf0b7f58b3284a09cf7f99b0f715941fb24a439b3af1bd1a"]
premailer = ["06f227702bd76a82da851f45af4c0831abfdf6555134faa8ffb1ea10e118f834", "e8ad94c32dc1b3f1fe21f6bf9912ec10149e99106d097463ac6955fb49f84668"]
py = ["64f65755aee5b381cea27766a3a147c3f15b9b6b9ac88676de66ba2ae36793fa", "dc639b046a6e2cff5bbe40194ad65936d6ba360b52b3c3fe1d08a82dd50b5e53"]
pycodestyle = ["95a2219d12372f05704562a14ec30bc76b05a5b297b21a5dfe3f6fac3491ae56", "e40a936c9a450ad81df37f549d676d127b1b66000a6c500caa2b085bc0ca976c"]
pyflakes = ["17dbeb2e3f4d772725c777fabc446d5634d1038f234e77343108ce445ea69ce0", "d976835886f8c5b31d47970ed689944a0262b5f3afa00a5a7b4dc81e5449f8a2"]
pygments = ["31cba6ffb739f099a85e243eff8cb717089fdd3c7300767d9fc34cb8e1b065f5", "5ad302949b3c98dd73f8d9fcdc7e9cb592f120e32a18e23efd7f3dc51194472b"]
pylev = ["063910098161199b81e453025653ec53556c1be7165a9b7c50be2f4d57eae1c3", "1d29a87beb45ebe1e821e7a3b10da2b6b2f4c79b43f482c2df1a1f748a6e114e"]
pytest = ["13c5e9fb5ec5179995e9357111ab089af350d788cbc944c628f3cde72285809b", "f21d2f1fb8200830dcbb5d8ec466a9c9120e20d8b53c7585d180125cce1d297a"]
pytest-cov = ["2b097cde81a302e1047331b48cadacf23577e431b61e9c6f49a1170bbe3d3da6", "e00ea4fdde970725482f1f35630d12f074e121a23801aabf2ae154ec6bdd343a"]
python-dateutil = ["7e6584c74aeed623791615e26efd690f29817a27c73085b78e4bad02493df2fb", "c89805f6f4d64db21ed966fda138f8a5ed7a4fdbc1a8ee329ce1b74e3c74da9e"]
python-http-client = ["7e430f4b9dd2b621b0051f6a362f103447ea8e267594c602a5c502a0c694ee38"]
requests = ["502a824f31acdacb3a35b6690b5fbf0bc41d63a24a45c4004352b0242707598e", "7bf2a778576d825600030a110f3c0e3e8edc51dfaafe1c146e39a2027784957b"]
s3transfer = ["7b9ad3213bff7d357f888e0fab5101b56fa1a0548ee77d121c3a3dbfbef4cb2e", "f23d5cb7d862b104401d9021fc82e5fa0e0cf57b7660a1331425aab0c691d021"]
sendgrid = ["297d33363a70df9b39419210e1273b165d487730e85c495695e0015bc626db71", "8b82c8c801dde8180a567913a9f80d8a63f38e39f209edde302b6df899b4bca1"]
six = ["3350809f0555b11f552448330d0b52d5f24c91a322ea4a15ef22629740f3761c", "d16a0141ec1a18405cd4ce8b4613101da75da0e9a7aec5bdd4fa804d0e0eba73"]
toml = ["229f81c57791a41d65e399fc06bf0848bab550a9dfd5ed66df18ce5f05e73d5c", "235682dd292d5899d361a811df37e04a8828a5b1da3115886b73cf81ebc9100e", "f1db651f9657708513243e61e6cc67d101a39bad662eaa9b5546f789338e07a3"]
typed-ast = ["132eae51d6ef3ff4a8c47c393a4ef5ebf0d1aecc96880eb5d6c8ceab7017cc9b", "18141c1484ab8784006c839be8b985cfc82a2e9725837b0ecfa0203f71c4e39d", "2baf617f5bbbfe73fd8846463f5aeafc912b5ee247f410700245d68525ec584a", "3d90063f2cbbe39177e9b4d888e45777012652d6110156845b828908c51ae462", "4304b2218b842d610aa1a1d87e1dc9559597969acc62ce717ee4dfeaa44d7eee", "4983ede548ffc3541bae49a82675996497348e55bafd1554dc4e4a5d6eda541a", "5315f4509c1476718a4825f45a203b82d7fdf2a6f5f0c8f166435975b1c9f7d4", "6cdfb1b49d5345f7c2b90d638822d16ba62dc82f7616e9b4caa10b72f3f16649", "7b325f12635598c604690efd7a0197d0b94b7d7778498e76e0710cd582fd1c7a", "8d3b0e3b8626615826f9a626548057c5275a9733512b137984a68ba1598d3d2f", "8f8631160c79f53081bd23446525db0bc4c5616f78d04021e6e434b286493fd7", "912de10965f3dc89da23936f1cc4ed60764f712e5fa603a09dd904f88c996760", "b010c07b975fe853c65d7bbe9d4ac62f1c69086750a574f6292597763781ba18", "c908c10505904c48081a5415a1e295d8403e353e0c14c42b6d67f8f97fae6616", "c94dd3807c0c0610f7c76f078119f4ea48235a953512752b9175f9f98f5ae2bd", "ce65dee7594a84c466e79d7fb7d3303e7295d16a83c22c7c4037071b059e2c21", "eaa9cfcb221a8a4c2889be6f93da141ac777eb8819f077e1d09fb12d00a09a93", "f3376bc31bad66d46d44b4e6522c5c21976bf9bca4ef5987bb2bf727f4506cbb", "f9202fa138544e13a4ec1a6792c35834250a85958fde1251b6a22e07d1260ae7"]
urllib3 = ["2393a695cd12afedd0dcb26fe5d50d0cf248e5a66f75dbd89a3d4eb333a61af4", "a637e5fae88995b256e3409dc4d52c2e2e0ba32c42a6365fee8bbd2238de3cfb"]
